# This file is automatically @generated by Poetry 1.8.3 and should not be changed by hand.

[[package]]
name = "humanize"
version = "4.11.0"
description = "Python humanize utilities"
optional = false
python-versions = ">=3.9"
files = [
    {file = "humanize-4.11.0-py3-none-any.whl", hash = "sha256:b53caaec8532bcb2fff70c8826f904c35943f8cecaca29d272d9df38092736c0"},
    {file = "humanize-4.11.0.tar.gz", hash = "sha256:e66f36020a2d5a974c504bd2555cf770621dbdbb6d82f94a6857c0b1ea2608be"},
]

[package.extras]
tests = ["freezegun", "pytest", "pytest-cov"]

[metadata]
lock-version = "2.0"
python-versions = "^3.12"
content-hash = "1090aecd1bffeed4e2e3d794c08169ef888570080e4670dd7b14176f84be809b"
